// !$*UTF8*$!
{
	archiveVersion = 1;
	classes = {
	};
	objectVersion = 77;
	objects = {

/* Begin PBXBuildFile section */
		7981C07E2F5F526900979365 /* HomeView.swift in Sources */ = {isa = PBXBuildFile; fileRef = 7981C07D2F5F525800979365 /* HomeView.swift */; };
		7981C0802F5F527E00979365 /* ChatView.swift in Sources */ = {isa = PBXBuildFile; fileRef = 7981C07F2F5F527A00979365 /* ChatView.swift */; };
		7981C0822F5F528D00979365 /* SettingsView.swift in Sources */ = {isa = PBXBuildFile; fileRef = 7981C0812F5F528800979365 /* SettingsView.swift */; };
		799251BE2F5FD11C00012D6E /* WeatherData.swift in Sources */ = {isa = PBXBuildFile; fileRef = 799251BD2F5FD10D00012D6E /* WeatherData.swift */; };
		799251C02F5FD12500012D6E /* WeatherService.swift in Sources */ = {isa = PBXBuildFile; fileRef = 799251BF2F5FD11F00012D6E /* WeatherService.swift */; };
		799251C22F5FD12F00012D6E /* Config.swift in Sources */ = {isa = PBXBuildFile; fileRef = 799251C12F5FD12A00012D6E /* Config.swift */; };
		799251C42F5FD43F00012D6E /* WeatherAdvice.swift in Sources */ = {isa = PBXBuildFile; fileRef = 799251C32F5FD43700012D6E /* WeatherAdvice.swift */; };
		799251C62F5FD44900012D6E /* WeatherAdviceEngine.swift in Sources */ = {isa = PBXBuildFile; fileRef = 799251C52F5FD44300012D6E /* WeatherAdviceEngine.swift */; };
		799251C82F5FD45300012D6E /* AdviceFormatter.swift in Sources */ = {isa = PBXBuildFile; fileRef = 799251C72F5FD44D00012D6E /* AdviceFormatter.swift */; };
		799251CA2F5FD8C800012D6E /* CONTEXT.md in Resources */ = {isa = PBXBuildFile; fileRef = 799251C92F5FD8BC00012D6E /* CONTEXT.md */; };
		799251CE2F5FD92000012D6E /* ARCHITECTURE.md in Resources */ = {isa = PBXBuildFile; fileRef = 799251CD2F5FD91600012D6E /* ARCHITECTURE.md */; };
		799251D02F5FD92E00012D6E /* BACKLOG.md in Resources */ = {isa = PBXBuildFile; fileRef = 799251CF2F5FD92800012D6E /* BACKLOG.md */; };
		799251D42F5FDB1A00012D6E /* SPEC.md in Resources */ = {isa = PBXBuildFile; fileRef = 799251D32F5FDB1400012D6E /* SPEC.md */; };
		A1B2C3D4E5F60718293A0001 /* ChatRole.swift in Sources */ = {isa = PBXBuildFile; fileRef = A1B2C3D4E5F60718293B0001 /* ChatRole.swift */; };
		A1B2C3D4E5F60718293A0002 /* ChatMessage.swift in Sources */ = {isa = PBXBuildFile; fileRef = A1B2C3D4E5F60718293B0002 /* ChatMessage.swift */; };
		A1B2C3D4E5F60718293A0003 /* ChatViewModel.swift in Sources */ = {isa = PBXBuildFile; fileRef = A1B2C3D4E5F60718293B0003 /* ChatViewModel.swift */; };
		A1B2C3D4E5F60718293A0004 /* SupabaseChatService.swift in Sources */ = {isa = PBXBuildFile; fileRef = A1B2C3D4E5F60718293B0004 /* SupabaseChatService.swift */; };
		A1B2C3D4E5F60718293A0005 /* WeatherSnapshotStore.swift in Sources */ = {isa = PBXBuildFile; fileRef = A1B2C3D4E5F60718293B0005 /* WeatherSnapshotStore.swift */; };
		A1B2C3D4E5F60718293A0006 /* WeatherContextResponse.swift in Sources */ = {isa = PBXBuildFile; fileRef = A1B2C3D4E5F60718293B0006 /* WeatherContextResponse.swift */; };
/* End PBXBuildFile section */

/* Begin PBXFileReference section */
		7981C06F2F5F515500979365 /* Judy.app */ = {isa = PBXFileReference; explicitFileType = wrapper.application; includeInIndex = 0; path = Judy.app; sourceTree = BUILT_PRODUCTS_DIR; };
		7981C07D2F5F525800979365 /* HomeView.swift */ = {isa = PBXFileReference; lastKnownFileType = sourcecode.swift; path = HomeView.swift; sourceTree = "<group>"; };
		7981C07F2F5F527A00979365 /* ChatView.swift */ = {isa = PBXFileReference; lastKnownFileType = sourcecode.swift; path = ChatView.swift; sourceTree = "<group>"; };
		7981C0812F5F528800979365 /* SettingsView.swift */ = {isa = PBXFileReference; lastKnownFileType = sourcecode.swift; path = SettingsView.swift; sourceTree = "<group>"; };
		799251BD2F5FD10D00012D6E /* WeatherData.swift */ = {isa = PBXFileReference; lastKnownFileType = sourcecode.swift; path = WeatherData.swift; sourceTree = "<group>"; };
		799251BF2F5FD11F00012D6E /* WeatherService.swift */ = {isa = PBXFileReference; lastKnownFileType = sourcecode.swift; path = WeatherService.swift; sourceTree = "<group>"; };
		799251C12F5FD12A00012D6E /* Config.swift */ = {isa = PBXFileReference; lastKnownFileType = sourcecode.swift; path = Config.swift; sourceTree = "<group>"; };
		799251C32F5FD43700012D6E /* WeatherAdvice.swift */ = {isa = PBXFileReference; lastKnownFileType = sourcecode.swift; path = WeatherAdvice.swift; sourceTree = "<group>"; };
		799251C52F5FD44300012D6E /* WeatherAdviceEngine.swift */ = {isa = PBXFileReference; lastKnownFileType = sourcecode.swift; path = WeatherAdviceEngine.swift; sourceTree = "<group>"; };
		799251C72F5FD44D00012D6E /* AdviceFormatter.swift */ = {isa = PBXFileReference; lastKnownFileType = sourcecode.swift; path = AdviceFormatter.swift; sourceTree = "<group>"; };
		799251C92F5FD8BC00012D6E /* CONTEXT.md */ = {isa = PBXFileReference; lastKnownFileType = net.daringfireball.markdown; path = CONTEXT.md; sourceTree = "<group>"; };
		799251CD2F5FD91600012D6E /* ARCHITECTURE.md */ = {isa = PBXFileReference; lastKnownFileType = net.daringfireball.markdown; path = ARCHITECTURE.md; sourceTree = "<group>"; };
		799251CF2F5FD92800012D6E /* BACKLOG.md */ = {isa = PBXFileReference; lastKnownFileType = net.daringfireball.markdown; path = BACKLOG.md; sourceTree = "<group>"; };
		799251D32F5FDB1400012D6E /* SPEC.md */ = {isa = PBXFileReference; lastKnownFileType = net.daringfireball.markdown; path = SPEC.md; sourceTree = "<group>"; };
		A1B2C3D4E5F60718293B0001 /* ChatRole.swift */ = {isa = PBXFileReference; lastKnownFileType = sourcecode.swift; path = ChatRole.swift; sourceTree = "<group>"; };
		A1B2C3D4E5F60718293B0002 /* ChatMessage.swift */ = {isa = PBXFileReference; lastKnownFileType = sourcecode.swift; path = ChatMessage.swift; sourceTree = "<group>"; };
		A1B2C3D4E5F60718293B0003 /* ChatViewModel.swift */ = {isa = PBXFileReference; lastKnownFileType = sourcecode.swift; path = ChatViewModel.swift; sourceTree = "<group>"; };
		A1B2C3D4E5F60718293B0004 /* SupabaseChatService.swift */ = {isa = PBXFileReference; lastKnownFileType = sourcecode.swift; path = SupabaseChatService.swift; sourceTree = "<group>"; };
		A1B2C3D4E5F60718293B0005 /* WeatherSnapshotStore.swift */ = {isa = PBXFileReference; lastKnownFileType = sourcecode.swift; path = WeatherSnapshotStore.swift; sourceTree = "<group>"; };
		A1B2C3D4E5F60718293B0006 /* WeatherContextResponse.swift */ = {isa = PBXFileReference; lastKnownFileType = sourcecode.swift; path = WeatherContextResponse.swift; sourceTree = "<group>"; };
/* End PBXFileReference section */

/* Begin PBXFileSystemSynchronizedRootGroup section */
		7981C0712F5F515500979365 /* Judy */ = {
			isa = PBXFileSystemSynchronizedRootGroup;
			path = Judy;
			sourceTree = "<group>";
		};
/* End PBXFileSystemSynchronizedRootGroup section */

/* Begin PBXFrameworksBuildPhase section */
		7981C06C2F5F515500979365 /* Frameworks */ = {
			isa = PBXFrameworksBuildPhase;
			buildActionMask = 2147483647;
			files = (
			);
			runOnlyForDeploymentPostprocessing = 0;
		};
/* End PBXFrameworksBuildPhase section */

/* Begin PBXGroup section */
		7981C0662F5F515500979365 = {
			isa = PBXGroup;
			children = (
				799251E72F633D7700012D6E /* LocalConfig.swift */,
				799251D32F5FDB1400012D6E /* SPEC.md */,
				799251CF2F5FD92800012D6E /* BACKLOG.md */,
				799251CD2F5FD91600012D6E /* ARCHITECTURE.md */,
				799251C92F5FD8BC00012D6E /* CONTEXT.md */,
				799251C72F5FD44D00012D6E /* AdviceFormatter.swift */,
				799251C52F5FD44300012D6E /* WeatherAdviceEngine.swift */,
				799251C32F5FD43700012D6E /* WeatherAdvice.swift */,
				799251C12F5FD12A00012D6E /* Config.swift */,
				799251BF2F5FD11F00012D6E /* WeatherService.swift */,
				799251BD2F5FD10D00012D6E /* WeatherData.swift */,
				7981C0812F5F528800979365 /* SettingsView.swift */,
				7981C07D2F5F525800979365 /* HomeView.swift */,
				7981C07F2F5F527A00979365 /* ChatView.swift */,
				A1B2C3D4E5F60718293B0001 /* ChatRole.swift */,
				A1B2C3D4E5F60718293B0002 /* ChatMessage.swift */,
				A1B2C3D4E5F60718293B0003 /* ChatViewModel.swift */,
				A1B2C3D4E5F60718293B0004 /* SupabaseChatService.swift */,
				A1B2C3D4E5F60718293B0005 /* WeatherSnapshotStore.swift */,
				A1B2C3D4E5F60718293B0006 /* WeatherContextResponse.swift */,
				7981C0712F5F515500979365 /* Judy */,
				7981C0702F5F515500979365 /* Products */,
			);
			sourceTree = "<group>";
		};
		7981C0702F5F515500979365 /* Products */ = {
			isa = PBXGroup;
			children = (
				7981C06F2F5F515500979365 /* Judy.app */,
			);
			name = Products;
			sourceTree = "<group>";
		};
/* End PBXGroup section */

/* Begin PBXNativeTarget section */
		7981C06E2F5F515500979365 /* Judy */ = {
			isa = PBXNativeTarget;
			buildConfigurationList = 7981C07A2F5F515800979365 /* Build configuration list for PBXNativeTarget "Judy" */;
			buildPhases = (
				7981C06B2F5F515500979365 /* Sources */,
				7981C06C2F5F515500979365 /* Frameworks */,
				7981C06D2F5F515500979365 /* Resources */,
			);
			buildRules = (
			);
			dependencies = (
			);
			fileSystemSynchronizedGroups = (
				7981C0712F5F515500979365 /* Judy */,
			);
			name = Judy;
			packageProductDependencies = (
			);
			productName = Judy;
			productReference = 7981C06F2F5F515500979365 /* Judy.app */;
			productType = "com.apple.product-type.application";
		};
/* End PBXNativeTarget section */

/* Begin PBXProject section */
		7981C0672F5F515500979365 /* Project object */ = {
			isa = PBXProject;
			attributes = {
				BuildIndependentTargetsInParallel = 1;
				LastSwiftUpdateCheck = 2630;
				LastUpgradeCheck = 2630;
				TargetAttributes = {
					7981C06E2F5F515500979365 = {
						CreatedOnToolsVersion = 26.3;
					};
				};
			};
			buildConfigurationList = 7981C06A2F5F515500979365 /* Build configuration list for PBXProject "Judy" */;
			developmentRegion = en;
			hasScannedForEncodings = 0;
			knownRegions = (
				en,
				Base,
			);
			mainGroup = 7981C0662F5F515500979365;
			minimizedProjectReferenceProxies = 1;
			preferredProjectObjectVersion = 77;
			productRefGroup = 7981C0702F5F515500979365 /* Products */;
			projectDirPath = "";
			projectRoot = "";
			targets = (
				7981C06E2F5F515500979365 /* Judy */,
			);
		};
/* End PBXProject section */

/* Begin PBXResourcesBuildPhase section */
		7981C06D2F5F515500979365 /* Resources */ = {
			isa = PBXResourcesBuildPhase;
			buildActionMask = 2147483647;
			files = (
				799251D02F5FD92E00012D6E /* BACKLOG.md in Resources */,
				799251D42F5FDB1A00012D6E /* SPEC.md in Resources */,
				799251CA2F5FD8C800012D6E /* CONTEXT.md in Resources */,
				799251CE2F5FD92000012D6E /* ARCHITECTURE.md in Resources */,
			);
			runOnlyForDeploymentPostprocessing = 0;
		};
/* End PBXResourcesBuildPhase section */

/* Begin PBXSourcesBuildPhase section */
		7981C06B2F5F515500979365 /* Sources */ = {
			isa = PBXSourcesBuildPhase;
			buildActionMask = 2147483647;
			files = (
				7981C0822F5F528D00979365 /* SettingsView.swift in Sources */,
				7981C0802F5F527E00979365 /* ChatView.swift in Sources */,
				A1B2C3D4E5F60718293A0001 /* ChatRole.swift in Sources */,
				A1B2C3D4E5F60718293A0002 /* ChatMessage.swift in Sources */,
				A1B2C3D4E5F60718293A0003 /* ChatViewModel.swift in Sources */,
				A1B2C3D4E5F60718293A0004 /* SupabaseChatService.swift in Sources */,
				A1B2C3D4E5F60718293A0005 /* WeatherSnapshotStore.swift in Sources */,
				A1B2C3D4E5F60718293A0006 /* WeatherContextResponse.swift in Sources */,
				7981C07E2F5F526900979365 /* HomeView.swift in Sources */,
				799251C62F5FD44900012D6E /* WeatherAdviceEngine.swift in Sources */,
				799251BE2F5FD11C00012D6E /* WeatherData.swift in Sources */,
				799251C42F5FD43F00012D6E /* WeatherAdvice.swift in Sources */,
				799251C82F5FD45300012D6E /* AdviceFormatter.swift in Sources */,
				799251E82F633D7F00012D6E /* LocalConfig.swift in Sources */,
				799251C22F5FD12F00012D6E /* Config.swift in Sources */,
				799251C02F5FD12500012D6E /* WeatherService.swift in Sources */,
			);
			runOnlyForDeploymentPostprocessing = 0;
		};
/* End PBXSourcesBuildPhase section */

/* Begin XCBuildConfiguration section */
		7981C0782F5F515800979365 /* Debug */ = {
			isa = XCBuildConfiguration;
			buildSettings = {
				ALWAYS_SEARCH_USER_PATHS = NO;
				ASSETCATALOG_COMPILER_GENERATE_SWIFT_ASSET_SYMBOL_EXTENSIONS = YES;
				CLANG_ANALYZER_NONNULL = YES;
				CLANG_ANALYZER_NUMBER_OBJECT_CONVERSION = YES_AGGRESSIVE;
				CLANG_CXX_LANGUAGE_STANDARD = "gnu++20";
				CLANG_ENABLE_MODULES = YES;
				CLANG_ENABLE_OBJC_ARC = YES;
				CLANG_ENABLE_OBJC_WEAK = YES;
				CLANG_WARN_BLOCK_CAPTURE_AUTORELEASING = YES;
				CLANG_WARN_BOOL_CONVERSION = YES;
				CLANG_WARN_COMMA = YES;
				CLANG_WARN_CONSTANT_CONVERSION = YES;
				CLANG_WARN_DEPRECATED_OBJC_IMPLEMENTATIONS = YES;
				CLANG_WARN_DIRECT_OBJC_ISA_USAGE = YES_ERROR;
				CLANG_WARN_DOCUMENTATION_COMMENTS = YES;
				CLANG_WARN_EMPTY_BODY = YES;
				CLANG_WARN_ENUM_CONVERSION = YES;
				CLANG_WARN_INFINITE_RECURSION = YES;
				CLANG_WARN_INT_CONVERSION = YES;
				CLANG_WARN_NON_LITERAL_NULL_CONVERSION = YES;
				CLANG_WARN_OBJC_IMPLICIT_RETAIN_SELF = YES;
				CLANG_WARN_OBJC_LITERAL_CONVERSION = YES;
				CLANG_WARN_OBJC_ROOT_CLASS = YES_ERROR;
				CLANG_WARN_QUOTED_INCLUDE_IN_FRAMEWORK_HEADER = YES;
				CLANG_WARN_RANGE_LOOP_ANALYSIS = YES;
				CLANG_WARN_STRICT_PROTOTYPES = YES;
				CLANG_WARN_SUSPICIOUS_MOVE = YES;
				CLANG_WARN_UNGUARDED_AVAILABILITY = YES_AGGRESSIVE;
				CLANG_WARN_UNREACHABLE_CODE = YES;
				CLANG_WARN__DUPLICATE_METHOD_MATCH = YES;
				COPY_PHASE_STRIP = NO;
				DEBUG_INFORMATION_FORMAT = dwarf;
				ENABLE_STRICT_OBJC_MSGSEND = YES;
				ENABLE_TESTABILITY = YES;
				ENABLE_USER_SCRIPT_SANDBOXING = YES;
				GCC_C_LANGUAGE_STANDARD = gnu17;
				GCC_DYNAMIC_NO_PIC = NO;
				GCC_NO_COMMON_BLOCKS = YES;
				GCC_OPTIMIZATION_LEVEL = 0;
				GCC_PREPROCESSOR_DEFINITIONS = (
					"DEBUG=1",
					"$(inherited)",
				);
				GCC_WARN_64_TO_32_BIT_CONVERSION = YES;
				GCC_WARN_ABOUT_RETURN_TYPE = YES_ERROR;
				GCC_WARN_UNDECLARED_SELECTOR = YES;
				GCC_WARN_UNINITIALIZED_AUTOS = YES_AGGRESSIVE;
				GCC_WARN_UNUSED_FUNCTION = YES;
				GCC_WARN_UNUSED_VARIABLE = YES;
				IPHONEOS_DEPLOYMENT_TARGET = 26.2;
				LOCALIZATION_PREFERS_STRING_CATALOGS = YES;
				MTL_ENABLE_DEBUG_INFO = INCLUDE_SOURCE;
				MTL_FAST_MATH = YES;
				ONLY_ACTIVE_ARCH = YES;
				SDKROOT = iphoneos;
				SWIFT_ACTIVE_COMPILATION_CONDITIONS = "DEBUG $(inherited)";
				SWIFT_OPTIMIZATION_LEVEL = "-Onone";
			};
			name = Debug;
		};
		7981C0792F5F515800979365 /* Release */ = {
			isa = XCBuildConfiguration;
			buildSettings = {
				ALWAYS_SEARCH_USER_PATHS = NO;
				ASSETCATALOG_COMPILER_GENERATE_SWIFT_ASSET_SYMBOL_EXTENSIONS = YES;
				CLANG_ANALYZER_NONNULL = YES;
				CLANG_ANALYZER_NUMBER_OBJECT_CONVERSION = YES_AGGRESSIVE;
				CLANG_CXX_LANGUAGE_STANDARD = "gnu++20";
				CLANG_ENABLE_MODULES = YES;
				CLANG_ENABLE_OBJC_ARC = YES;
				CLANG_ENABLE_OBJC_WEAK = YES;
				CLANG_WARN_BLOCK_CAPTURE_AUTORELEASING = YES;
				CLANG_WARN_BOOL_CONVERSION = YES;
				CLANG_WARN_COMMA = YES;
				CLANG_WARN_CONSTANT_CONVERSION = YES;
				CLANG_WARN_DEPRECATED_OBJC_IMPLEMENTATIONS = YES;
				CLANG_WARN_DIRECT_OBJC_ISA_USAGE = YES_ERROR;
				CLANG_WARN_DOCUMENTATION_COMMENTS = YES;
				CLANG_WARN_EMPTY_BODY = YES;
				CLANG_WARN_ENUM_CONVERSION = YES;
				CLANG_WARN_INFINITE_RECURSION = YES;
				CLANG_WARN_INT_CONVERSION = YES;
				CLANG_WARN_NON_LITERAL_NULL_CONVERSION = YES;
				CLANG_WARN_OBJC_IMPLICIT_RETAIN_SELF = YES;
				CLANG_WARN_OBJC_LITERAL_CONVERSION = YES;
				CLANG_WARN_OBJC_ROOT_CLASS = YES_ERROR;
				CLANG_WARN_QUOTED_INCLUDE_IN_FRAMEWORK_HEADER = YES;
				CLANG_WARN_RANGE_LOOP_ANALYSIS = YES;
				CLANG_WARN_STRICT_PROTOTYPES = YES;
				CLANG_WARN_SUSPICIOUS_MOVE = YES;
				CLANG_WARN_UNGUARDED_AVAILABILITY = YES_AGGRESSIVE;
				CLANG_WARN_UNREACHABLE_CODE = YES;
				CLANG_WARN__DUPLICATE_METHOD_MATCH = YES;
				COPY_PHASE_STRIP = NO;
				DEBUG_INFORMATION_FORMAT = "dwarf-with-dsym";
				ENABLE_NS_ASSERTIONS = NO;
				ENABLE_STRICT_OBJC_MSGSEND = YES;
				ENABLE_USER_SCRIPT_SANDBOXING = YES;
				GCC_C_LANGUAGE_STANDARD = gnu17;
				GCC_NO_COMMON_BLOCKS = YES;
				GCC_WARN_64_TO_32_BIT_CONVERSION = YES;
				GCC_WARN_ABOUT_RETURN_TYPE = YES_ERROR;
				GCC_WARN_UNDECLARED_SELECTOR = YES;
				GCC_WARN_UNINITIALIZED_AUTOS = YES_AGGRESSIVE;
				GCC_WARN_UNUSED_FUNCTION = YES;
				GCC_WARN_UNUSED_VARIABLE = YES;
				IPHONEOS_DEPLOYMENT_TARGET = 26.2;
				LOCALIZATION_PREFERS_STRING_CATALOGS = YES;
				MTL_ENABLE_DEBUG_INFO = NO;
				MTL_FAST_MATH = YES;
				SDKROOT = iphoneos;
				SWIFT_COMPILATION_MODE = wholemodule;
				VALIDATE_PRODUCT = YES;
			};
			name = Release;
		};
		7981C07B2F5F515800979365 /* Debug */ = {
			isa = XCBuildConfiguration;
			buildSettings = {
				ASSETCATALOG_COMPILER_APPICON_NAME = AppIcon;
				ASSETCATALOG_COMPILER_GLOBAL_ACCENT_COLOR_NAME = AccentColor;
				CODE_SIGN_STYLE = Automatic;
				CURRENT_PROJECT_VERSION = 1;
				ENABLE_PREVIEWS = YES;
				GENERATE_INFOPLIST_FILE = YES;
				INFOPLIST_KEY_CFBundleDisplayName = Judy;
				INFOPLIST_KEY_NSLocationWhenInUseUsageDescription = "Judy uses your location to fetch accurate local weather by latitude and longitude.";
				INFOPLIST_KEY_UIApplicationSceneManifest_Generation = YES;
				INFOPLIST_KEY_UIApplicationSupportsIndirectInputEvents = YES;
				INFOPLIST_KEY_UILaunchScreen_Generation = YES;
				INFOPLIST_KEY_UISupportedInterfaceOrientations_iPad = "UIInterfaceOrientationPortrait UIInterfaceOrientationPortraitUpsideDown UIInterfaceOrientationLandscapeLeft UIInterfaceOrientationLandscapeRight";
				INFOPLIST_KEY_UISupportedInterfaceOrientations_iPhone = "UIInterfaceOrientationPortrait UIInterfaceOrientationLandscapeLeft UIInterfaceOrientationLandscapeRight";
				LD_RUNPATH_SEARCH_PATHS = (
					"$(inherited)",
					"@executable_path/Frameworks",
				);
				MARKETING_VERSION = 1.0;
				PRODUCT_BUNDLE_IDENTIFIER = com.sean3155.Judy;
				PRODUCT_NAME = "$(TARGET_NAME)";
				STRING_CATALOG_GENERATE_SYMBOLS = YES;
				SWIFT_APPROACHABLE_CONCURRENCY = YES;
				SWIFT_DEFAULT_ACTOR_ISOLATION = MainActor;
				SWIFT_EMIT_LOC_STRINGS = YES;
				SWIFT_UPCOMING_FEATURE_MEMBER_IMPORT_VISIBILITY = YES;
				SWIFT_VERSION = 5.0;
				TARGETED_DEVICE_FAMILY = "1,2";
			};
			name = Debug;
		};
		7981C07C2F5F515800979365 /* Release */ = {
			isa = XCBuildConfiguration;
			buildSettings = {
				ASSETCATALOG_COMPILER_APPICON_NAME = AppIcon;
				ASSETCATALOG_COMPILER_GLOBAL_ACCENT_COLOR_NAME = AccentColor;
				CODE_SIGN_STYLE = Automatic;
				CURRENT_PROJECT_VERSION = 1;
				ENABLE_PREVIEWS = YES;
				GENERATE_INFOPLIST_FILE = YES;
				INFOPLIST_KEY_CFBundleDisplayName = Judy;
				INFOPLIST_KEY_NSLocationWhenInUseUsageDescription = "Judy uses your location to fetch accurate local weather by latitude and longitude.";
				INFOPLIST_KEY_UIApplicationSceneManifest_Generation = YES;
				INFOPLIST_KEY_UIApplicationSupportsIndirectInputEvents = YES;
				INFOPLIST_KEY_UILaunchScreen_Generation = YES;
				INFOPLIST_KEY_UISupportedInterfaceOrientations_iPad = "UIInterfaceOrientationPortrait UIInterfaceOrientationPortraitUpsideDown UIInterfaceOrientationLandscapeLeft UIInterfaceOrientationLandscapeRight";
				INFOPLIST_KEY_UISupportedInterfaceOrientations_iPhone = "UIInterfaceOrientationPortrait UIInterfaceOrientationLandscapeLeft UIInterfaceOrientationLandscapeRight";
				LD_RUNPATH_SEARCH_PATHS = (
					"$(inherited)",
					"@executable_path/Frameworks",
				);
				MARKETING_VERSION = 1.0;
				PRODUCT_BUNDLE_IDENTIFIER = com.sean3155.Judy;
				PRODUCT_NAME = "$(TARGET_NAME)";
				STRING_CATALOG_GENERATE_SYMBOLS = YES;
				SWIFT_APPROACHABLE_CONCURRENCY = YES;
				SWIFT_DEFAULT_ACTOR_ISOLATION = MainActor;
				SWIFT_EMIT_LOC_STRINGS = YES;
				SWIFT_UPCOMING_FEATURE_MEMBER_IMPORT_VISIBILITY = YES;
				SWIFT_VERSION = 5.0;
				TARGETED_DEVICE_FAMILY = "1,2";
			};
			name = Release;
		};
/* End XCBuildConfiguration section */

/* Begin XCConfigurationList section */
		7981C06A2F5F515500979365 /* Build configuration list for PBXProject "Judy" */ = {
			isa = XCConfigurationList;
			buildConfigurations = (
				7981C0782F5F515800979365 /* Debug */,
				7981C0792F5F515800979365 /* Release */,
			);
			defaultConfigurationIsVisible = 0;
			defaultConfigurationName = Release;
		};
		7981C07A2F5F515800979365 /* Build configuration list for PBXNativeTarget "Judy" */ = {
			isa = XCConfigurationList;
			buildConfigurations = (
				7981C07B2F5F515800979365 /* Debug */,
				7981C07C2F5F515800979365 /* Release */,
			);
			defaultConfigurationIsVisible = 0;
			defaultConfigurationName = Release;
		};
/* End XCConfigurationList section */
	};
	rootObject = 7981C0672F5F515500979365 /* Project object */;
}
